// !$*UTF8*$!
{
	archiveVersion = 1;
	classes = {
	};
	objectVersion = 50;
	objects = {

/* Begin PBXBuildFile section */
		472CF871282D59FB00AD4593 /* AppDelegate.swift in Sources */ = {isa = PBXBuildFile; fileRef = 472CF870282D59FB00AD4593 /* AppDelegate.swift */; };
		472CF873282D59FB00AD4593 /* SceneDelegate.swift in Sources */ = {isa = PBXBuildFile; fileRef = 472CF872282D59FB00AD4593 /* SceneDelegate.swift */; };
		472CF875282D59FB00AD4593 /* ViewController.swift in Sources */ = {isa = PBXBuildFile; fileRef = 472CF874282D59FB00AD4593 /* ViewController.swift */; };
		472CF878282D59FB00AD4593 /* Main.storyboard in Resources */ = {isa = PBXBuildFile; fileRef = 472CF876282D59FB00AD4593 /* Main.storyboard */; };
		472CF87A282D59FE00AD4593 /* Assets.xcassets in Resources */ = {isa = PBXBuildFile; fileRef = 472CF879282D59FE00AD4593 /* Assets.xcassets */; };
		472CF87D282D59FE00AD4593 /* LaunchScreen.storyboard in Resources */ = {isa = PBXBuildFile; fileRef = 472CF87B282D59FE00AD4593 /* LaunchScreen.storyboard */; };
		472CF888282D59FE00AD4593 /* TriangleTests.swift in Sources */ = {isa = PBXBuildFile; fileRef = 472CF887282D59FE00AD4593 /* TriangleTests.swift */; };
		472CF893282D59FE00AD4593 /* TriangleUITests.swift in Sources */ = {isa = PBXBuildFile; fileRef = 472CF892282D59FE00AD4593 /* TriangleUITests.swift */; };
		472CF8A1282D5E2700AD4593 /* TriangleApp.swift in Sources */ = {isa = PBXBuildFile; fileRef = 472CF8A0282D5E2700AD4593 /* TriangleApp.swift */; };
/* End PBXBuildFile section */

/* Begin PBXContainerItemProxy section */
		472CF884282D59FE00AD4593 /* PBXContainerItemProxy */ = {
			isa = PBXContainerItemProxy;
			containerPortal = 472CF865282D59FB00AD4593 /* Project object */;
			proxyType = 1;
			remoteGlobalIDString = 472CF86C282D59FB00AD4593;
			remoteInfo = Triangle;
		};
		472CF88F282D59FE00AD4593 /* PBXContainerItemProxy */ = {
			isa = PBXContainerItemProxy;
			containerPortal = 472CF865282D59FB00AD4593 /* Project object */;
			proxyType = 1;
			remoteGlobalIDString = 472CF86C282D59FB00AD4593;
			remoteInfo = Triangle;
		};
/* End PBXContainerItemProxy section */

/* Begin PBXFileReference section */
		472CF86D282D59FB00AD4593 /* Triangle.app */ = {isa = PBXFileReference; explicitFileType = wrapper.application; includeInIndex = 0; path = Triangle.app; sourceTree = BUILT_PRODUCTS_DIR; };
		472CF870282D59FB00AD4593 /* AppDelegate.swift */ = {isa = PBXFileReference; lastKnownFileType = sourcecode.swift; path = AppDelegate.swift; sourceTree = "<group>"; };
		472CF872282D59FB00AD4593 /* SceneDelegate.swift */ = {isa = PBXFileReference; lastKnownFileType = sourcecode.swift; path = SceneDelegate.swift; sourceTree = "<group>"; };
		472CF874282D59FB00AD4593 /* ViewController.swift */ = {isa = PBXFileReference; lastKnownFileType = sourcecode.swift; path = ViewController.swift; sourceTree = "<group>"; };
		472CF877282D59FB00AD4593 /* Base */ = {isa = PBXFileReference; lastKnownFileType = file.storyboard; name = Base; path = Base.lproj/Main.storyboard; sourceTree = "<group>"; };
		472CF879282D59FE00AD4593 /* Assets.xcassets */ = {isa = PBXFileReference; lastKnownFileType = folder.assetcatalog; path = Assets.xcassets; sourceTree = "<group>"; };
		472CF87C282D59FE00AD4593 /* Base */ = {isa = PBXFileReference; lastKnownFileType = file.storyboard; name = Base; path = Base.lproj/LaunchScreen.storyboard; sourceTree = "<group>"; };
		472CF87E282D59FE00AD4593 /* Info.plist */ = {isa = PBXFileReference; lastKnownFileType = text.plist.xml; path = Info.plist; sourceTree = "<group>"; };
		472CF883282D59FE00AD4593 /* TriangleTests.xctest */ = {isa = PBXFileReference; explicitFileType = wrapper.cfbundle; includeInIndex = 0; path = TriangleTests.xctest; sourceTree = BUILT_PRODUCTS_DIR; };
		472CF887282D59FE00AD4593 /* TriangleTests.swift */ = {isa = PBXFileReference; lastKnownFileType = sourcecode.swift; path = TriangleTests.swift; sourceTree = "<group>"; };
		472CF889282D59FE00AD4593 /* Info.plist */ = {isa = PBXFileReference; lastKnownFileType = text.plist.xml; path = Info.plist; sourceTree = "<group>"; };
		472CF88E282D59FE00AD4593 /* TriangleUITests.xctest */ = {isa = PBXFileReference; explicitFileType = wrapper.cfbundle; includeInIndex = 0; path = TriangleUITests.xctest; sourceTree = BUILT_PRODUCTS_DIR; };
		472CF892282D59FE00AD4593 /* TriangleUITests.swift */ = {isa = PBXFileReference; lastKnownFileType = sourcecode.swift; path = TriangleUITests.swift; sourceTree = "<group>"; };
		472CF894282D59FE00AD4593 /* Info.plist */ = {isa = PBXFileReference; lastKnownFileType = text.plist.xml; path = Info.plist; sourceTree = "<group>"; };
		472CF8A0282D5E2700AD4593 /* TriangleApp.swift */ = {isa = PBXFileReference; lastKnownFileType = sourcecode.swift; path = TriangleApp.swift; sourceTree = "<group>"; };
/* End PBXFileReference section */

/* Begin PBXFrameworksBuildPhase section */
		472CF86A282D59FB00AD4593 /* Frameworks */ = {
			isa = PBXFrameworksBuildPhase;
			buildActionMask = 2147483647;
			files = (
			);
			runOnlyForDeploymentPostprocessing = 0;
		};
		472CF880282D59FE00AD4593 /* Frameworks */ = {
			isa = PBXFrameworksBuildPhase;
			buildActionMask = 2147483647;
			files = (
			);
			runOnlyForDeploymentPostprocessing = 0;
		};
		472CF88B282D59FE00AD4593 /* Frameworks */ = {
			isa = PBXFrameworksBuildPhase;
			buildActionMask = 2147483647;
			files = (
			);
			runOnlyForDeploymentPostprocessing = 0;
		};
/* End PBXFrameworksBuildPhase section */

/* Begin PBXGroup section */
		472CF864282D59FB00AD4593 = {
			isa = PBXGroup;
			children = (
				472CF86F282D59FB00AD4593 /* Triangle */,
				472CF886282D59FE00AD4593 /* TriangleTests */,
				472CF891282D59FE00AD4593 /* TriangleUITests */,
				472CF86E282D59FB00AD4593 /* Products */,
			);
			sourceTree = "<group>";
		};
		472CF86E282D59FB00AD4593 /* Products */ = {
			isa = PBXGroup;
			children = (
				472CF86D282D59FB00AD4593 /* Triangle.app */,
				472CF883282D59FE00AD4593 /* TriangleTests.xctest */,
				472CF88E282D59FE00AD4593 /* TriangleUITests.xctest */,
			);
			name = Products;
			sourceTree = "<group>";
		};
		472CF86F282D59FB00AD4593 /* Triangle */ = {
			isa = PBXGroup;
			children = (
				472CF870282D59FB00AD4593 /* AppDelegate.swift */,
				472CF872282D59FB00AD4593 /* SceneDelegate.swift */,
				472CF874282D59FB00AD4593 /* ViewController.swift */,
				472CF876282D59FB00AD4593 /* Main.storyboard */,
				472CF879282D59FE00AD4593 /* Assets.xcassets */,
				472CF87B282D59FE00AD4593 /* LaunchScreen.storyboard */,
				472CF87E282D59FE00AD4593 /* Info.plist */,
				472CF8A0282D5E2700AD4593 /* TriangleApp.swift */,
			);
			path = Triangle;
			sourceTree = "<group>";
		};
		472CF886282D59FE00AD4593 /* TriangleTests */ = {
			isa = PBXGroup;
			children = (
				472CF887282D59FE00AD4593 /* TriangleTests.swift */,
				472CF889282D59FE00AD4593 /* Info.plist */,
			);
			path = TriangleTests;
			sourceTree = "<group>";
		};
		472CF891282D59FE00AD4593 /* TriangleUITests */ = {
			isa = PBXGroup;
			children = (
				472CF892282D59FE00AD4593 /* TriangleUITests.swift */,
				472CF894282D59FE00AD4593 /* Info.plist */,
			);
			path = TriangleUITests;
			sourceTree = "<group>";
		};
/* End PBXGroup section */

/* Begin PBXNativeTarget section */
		472CF86C282D59FB00AD4593 /* Triangle */ = {
			isa = PBXNativeTarget;
			buildConfigurationList = 472CF897282D59FE00AD4593 /* Build configuration list for PBXNativeTarget "Triangle" */;
			buildPhases = (
				472CF869282D59FB00AD4593 /* Sources */,
				472CF86A282D59FB00AD4593 /* Frameworks */,
				472CF86B282D59FB00AD4593 /* Resources */,
			);
			buildRules = (
			);
			dependencies = (
			);
			name = Triangle;
			productName = Triangle;
			productReference = 472CF86D282D59FB00AD4593 /* Triangle.app */;
			productType = "com.apple.product-type.application";
		};
		472CF882282D59FE00AD4593 /* TriangleTests */ = {
			isa = PBXNativeTarget;
			buildConfigurationList = 472CF89A282D59FE00AD4593 /* Build configuration list for PBXNativeTarget "TriangleTests" */;
			buildPhases = (
				472CF87F282D59FE00AD4593 /* Sources */,
				472CF880282D59FE00AD4593 /* Frameworks */,
				472CF881282D59FE00AD4593 /* Resources */,
			);
			buildRules = (
			);
			dependencies = (
				472CF885282D59FE00AD4593 /* PBXTargetDependency */,
			);
			name = TriangleTests;
			productName = TriangleTests;
			productReference = 472CF883282D59FE00AD4593 /* TriangleTests.xctest */;
			productType = "com.apple.product-type.bundle.unit-test";
		};
		472CF88D282D59FE00AD4593 /* TriangleUITests */ = {
			isa = PBXNativeTarget;
			buildConfigurationList = 472CF89D282D59FE00AD4593 /* Build configuration list for PBXNativeTarget "TriangleUITests" */;
			buildPhases = (
				472CF88A282D59FE00AD4593 /* Sources */,
				472CF88B282D59FE00AD4593 /* Frameworks */,
				472CF88C282D59FE00AD4593 /* Resources */,
			);
			buildRules = (
			);
			dependencies = (
				472CF890282D59FE00AD4593 /* PBXTargetDependency */,
			);
			name = TriangleUITests;
			productName = TriangleUITests;
			productReference = 472CF88E282D59FE00AD4593 /* TriangleUITests.xctest */;
			productType = "com.apple.product-type.bundle.ui-testing";
		};
/* End PBXNativeTarget section */

/* Begin PBXProject section */
		472CF865282D59FB00AD4593 /* Project object */ = {
			isa = PBXProject;
			attributes = {
				LastSwiftUpdateCheck = 1250;
				LastUpgradeCheck = 1250;
				TargetAttributes = {
					472CF86C282D59FB00AD4593 = {
						CreatedOnToolsVersion = 12.5;
					};
					472CF882282D59FE00AD4593 = {
						CreatedOnToolsVersion = 12.5;
						TestTargetID = 472CF86C282D59FB00AD4593;
					};
					472CF88D282D59FE00AD4593 = {
						CreatedOnToolsVersion = 12.5;
						TestTargetID = 472CF86C282D59FB00AD4593;
					};
				};
			};
			buildConfigurationList = 472CF868282D59FB00AD4593 /* Build configuration list for PBXProject "Triangle" */;
			compatibilityVersion = "Xcode 9.3";
			developmentRegion = en;
			hasScannedForEncodings = 0;
			knownRegions = (
				en,
				Base,
			);
			mainGroup = 472CF864282D59FB00AD4593;
			productRefGroup = 472CF86E282D59FB00AD4593 /* Products */;
			projectDirPath = "";
			projectRoot = "";
			targets = (
				472CF86C282D59FB00AD4593 /* Triangle */,
				472CF882282D59FE00AD4593 /* TriangleTests */,
				472CF88D282D59FE00AD4593 /* TriangleUITests */,
			);
		};
/* End PBXProject section */

/* Begin PBXResourcesBuildPhase section */
		472CF86B282D59FB00AD4593 /* Resources */ = {
			isa = PBXResourcesBuildPhase;
			buildActionMask = 2147483647;
			files = (
				472CF87D282D59FE00AD4593 /* LaunchScreen.storyboard in Resources */,
				472CF87A282D59FE00AD4593 /* Assets.xcassets in Resources */,
				472CF878282D59FB00AD4593 /* Main.storyboard in Resources */,
			);
			runOnlyForDeploymentPostprocessing = 0;
		};
		472CF881282D59FE00AD4593 /* Resources */ = {
			isa = PBXResourcesBuildPhase;
			buildActionMask = 2147483647;
			files = (
			);
			runOnlyForDeploymentPostprocessing = 0;
		};
		472CF88C282D59FE00AD4593 /* Resources */ = {
			isa = PBXResourcesBuildPhase;
			buildActionMask = 2147483647;
			files = (
			);
			runOnlyForDeploymentPostprocessing = 0;
		};
/* End PBXResourcesBuildPhase section */

/* Begin PBXSourcesBuildPhase section */
		472CF869282D59FB00AD4593 /* Sources */ = {
			isa = PBXSourcesBuildPhase;
			buildActionMask = 2147483647;
			files = (
				472CF875282D59FB00AD4593 /* ViewController.swift in Sources */,
				472CF871282D59FB00AD4593 /* AppDelegate.swift in Sources */,
				472CF873282D59FB00AD4593 /* SceneDelegate.swift in Sources */,
				472CF8A1282D5E2700AD4593 /* TriangleApp.swift in Sources */,
			);
			runOnlyForDeploymentPostprocessing = 0;
		};
		472CF87F282D59FE00AD4593 /* Sources */ = {
			isa = PBXSourcesBuildPhase;
			buildActionMask = 2147483647;
			files = (
				472CF888282D59FE00AD4593 /* TriangleTests.swift in Sources */,
			);
			runOnlyForDeploymentPostprocessing = 0;
		};
		472CF88A282D59FE00AD4593 /* Sources */ = {
			isa = PBXSourcesBuildPhase;
			buildActionMask = 2147483647;
			files = (
				472CF893282D59FE00AD4593 /* TriangleUITests.swift in Sources */,
			);
			runOnlyForDeploymentPostprocessing = 0;
		};
/* End PBXSourcesBuildPhase section */

/* Begin PBXTargetDependency section */
		472CF885282D59FE00AD4593 /* PBXTargetDependency */ = {
			isa = PBXTargetDependency;
			target = 472CF86C282D59FB00AD4593 /* Triangle */;
			targetProxy = 472CF884282D59FE00AD4593 /* PBXContainerItemProxy */;
		};
		472CF890282D59FE00AD4593 /* PBXTargetDependency */ = {
			isa = PBXTargetDependency;
			target = 472CF86C282D59FB00AD4593 /* Triangle */;
			targetProxy = 472CF88F282D59FE00AD4593 /* PBXContainerItemProxy */;
		};
/* End PBXTargetDependency section */

/* Begin PBXVariantGroup section */
		472CF876282D59FB00AD4593 /* Main.storyboard */ = {
			isa = PBXVariantGroup;
			children = (
				472CF877282D59FB00AD4593 /* Base */,
			);
			name = Main.storyboard;
			sourceTree = "<group>";
		};
		472CF87B282D59FE00AD4593 /* LaunchScreen.storyboard */ = {
			isa = PBXVariantGroup;
			children = (
				472CF87C282D59FE00AD4593 /* Base */,
			);
			name = LaunchScreen.storyboard;
			sourceTree = "<group>";
		};
/* End PBXVariantGroup section */

/* Begin XCBuildConfiguration section */
		472CF895282D59FE00AD4593 /* Debug */ = {
			isa = XCBuildConfiguration;
			buildSettings = {
				ALWAYS_SEARCH_USER_PATHS = NO;
				CLANG_ANALYZER_NONNULL = YES;
				CLANG_ANALYZER_NUMBER_OBJECT_CONVERSION = YES_AGGRESSIVE;
				CLANG_CXX_LANGUAGE_STANDARD = "gnu++14";
				CLANG_CXX_LIBRARY = "libc++";
				CLANG_ENABLE_MODULES = YES;
				CLANG_ENABLE_OBJC_ARC = YES;
				CLANG_ENABLE_OBJC_WEAK = YES;
				CLANG_WARN_BLOCK_CAPTURE_AUTORELEASING = YES;
				CLANG_WARN_BOOL_CONVERSION = YES;
				CLANG_WARN_COMMA = YES;
				CLANG_WARN_CONSTANT_CONVERSION = YES;
				CLANG_WARN_DEPRECATED_OBJC_IMPLEMENTATIONS = YES;
				CLANG_WARN_DIRECT_OBJC_ISA_USAGE = YES_ERROR;
				CLANG_WARN_DOCUMENTATION_COMMENTS = YES;
				CLANG_WARN_EMPTY_BODY = YES;
				CLANG_WARN_ENUM_CONVERSION = YES;
				CLANG_WARN_INFINITE_RECURSION = YES;
				CLANG_WARN_INT_CONVERSION = YES;
				CLANG_WARN_NON_LITERAL_NULL_CONVERSION = YES;
				CLANG_WARN_OBJC_IMPLICIT_RETAIN_SELF = YES;
				CLANG_WARN_OBJC_LITERAL_CONVERSION = YES;
				CLANG_WARN_OBJC_ROOT_CLASS = YES_ERROR;
				CLANG_WARN_QUOTED_INCLUDE_IN_FRAMEWORK_HEADER = YES;
				CLANG_WARN_RANGE_LOOP_ANALYSIS = YES;
				CLANG_WARN_STRICT_PROTOTYPES = YES;
				CLANG_WARN_SUSPICIOUS_MOVE = YES;
				CLANG_WARN_UNGUARDED_AVAILABILITY = YES_AGGRESSIVE;
				CLANG_WARN_UNREACHABLE_CODE = YES;
				CLANG_WARN__DUPLICATE_METHOD_MATCH = YES;
				COPY_PHASE_STRIP = NO;
				DEBUG_INFORMATION_FORMAT = dwarf;
				ENABLE_STRICT_OBJC_MSGSEND = YES;
				ENABLE_TESTABILITY = YES;
				GCC_C_LANGUAGE_STANDARD = gnu11;
				GCC_DYNAMIC_NO_PIC = NO;
				GCC_NO_COMMON_BLOCKS = YES;
				GCC_OPTIMIZATION_LEVEL = 0;
				GCC_PREPROCESSOR_DEFINITIONS = (
					"DEBUG=1",
					"$(inherited)",
				);
				GCC_WARN_64_TO_32_BIT_CONVERSION = YES;
				GCC_WARN_ABOUT_RETURN_TYPE = YES_ERROR;
				GCC_WARN_UNDECLARED_SELECTOR = YES;
				GCC_WARN_UNINITIALIZED_AUTOS = YES_AGGRESSIVE;
				GCC_WARN_UNUSED_FUNCTION = YES;
				GCC_WARN_UNUSED_VARIABLE = YES;
				IPHONEOS_DEPLOYMENT_TARGET = 14.5;
				MTL_ENABLE_DEBUG_INFO = INCLUDE_SOURCE;
				MTL_FAST_MATH = YES;
				ONLY_ACTIVE_ARCH = YES;
				SDKROOT = iphoneos;
				SWIFT_ACTIVE_COMPILATION_CONDITIONS = DEBUG;
				SWIFT_OPTIMIZATION_LEVEL = "-Onone";
			};
			name = Debug;
		};
		472CF896282D59FE00AD4593 /* Release */ = {
			isa = XCBuildConfiguration;
			buildSettings = {
				ALWAYS_SEARCH_USER_PATHS = NO;
				CLANG_ANALYZER_NONNULL = YES;
				CLANG_ANALYZER_NUMBER_OBJECT_CONVERSION = YES_AGGRESSIVE;
				CLANG_CXX_LANGUAGE_STANDARD = "gnu++14";
				CLANG_CXX_LIBRARY = "libc++";
				CLANG_ENABLE_MODULES = YES;
				CLANG_ENABLE_OBJC_ARC = YES;
				CLANG_ENABLE_OBJC_WEAK = YES;
				CLANG_WARN_BLOCK_CAPTURE_AUTORELEASING = YES;
				CLANG_WARN_BOOL_CONVERSION = YES;
				CLANG_WARN_COMMA = YES;
				CLANG_WARN_CONSTANT_CONVERSION = YES;
				CLANG_WARN_DEPRECATED_OBJC_IMPLEMENTATIONS = YES;
				CLANG_WARN_DIRECT_OBJC_ISA_USAGE = YES_ERROR;
				CLANG_WARN_DOCUMENTATION_COMMENTS = YES;
				CLANG_WARN_EMPTY_BODY = YES;
				CLANG_WARN_ENUM_CONVERSION = YES;
				CLANG_WARN_INFINITE_RECURSION = YES;
				CLANG_WARN_INT_CONVERSION = YES;
				CLANG_WARN_NON_LITERAL_NULL_CONVERSION = YES;
				CLANG_WARN_OBJC_IMPLICIT_RETAIN_SELF = YES;
				CLANG_WARN_OBJC_LITERAL_CONVERSION = YES;
				CLANG_WARN_OBJC_ROOT_CLASS = YES_ERROR;
				CLANG_WARN_QUOTED_INCLUDE_IN_FRAMEWORK_HEADER = YES;
				CLANG_WARN_RANGE_LOOP_ANALYSIS = YES;
				CLANG_WARN_STRICT_PROTOTYPES = YES;
				CLANG_WARN_SUSPICIOUS_MOVE = YES;
				CLANG_WARN_UNGUARDED_AVAILABILITY = YES_AGGRESSIVE;
				CLANG_WARN_UNREACHABLE_CODE = YES;
				CLANG_WARN__DUPLICATE_METHOD_MATCH = YES;
				COPY_PHASE_STRIP = NO;
				DEBUG_INFORMATION_FORMAT = "dwarf-with-dsym";
				ENABLE_NS_ASSERTIONS = NO;
				ENABLE_STRICT_OBJC_MSGSEND = YES;
				GCC_C_LANGUAGE_STANDARD = gnu11;
				GCC_NO_COMMON_BLOCKS = YES;
				GCC_WARN_64_TO_32_BIT_CONVERSION = YES;
				GCC_WARN_ABOUT_RETURN_TYPE = YES_ERROR;
				GCC_WARN_UNDECLARED_SELECTOR = YES;
				GCC_WARN_UNINITIALIZED_AUTOS = YES_AGGRESSIVE;
				GCC_WARN_UNUSED_FUNCTION = YES;
				GCC_WARN_UNUSED_VARIABLE = YES;
				IPHONEOS_DEPLOYMENT_TARGET = 14.5;
				MTL_ENABLE_DEBUG_INFO = NO;
				MTL_FAST_MATH = YES;
				SDKROOT = iphoneos;
				SWIFT_COMPILATION_MODE = wholemodule;
				SWIFT_OPTIMIZATION_LEVEL = "-O";
				VALIDATE_PRODUCT = YES;
			};
			name = Release;
		};
		472CF898282D59FE00AD4593 /* Debug */ = {
			isa = XCBuildConfiguration;
			buildSettings = {
				ASSETCATALOG_COMPILER_APPICON_NAME = AppIcon;
				ASSETCATALOG_COMPILER_GLOBAL_ACCENT_COLOR_NAME = AccentColor;
				CODE_SIGN_STYLE = Automatic;
				INFOPLIST_FILE = Triangle/Info.plist;
				LD_RUNPATH_SEARCH_PATHS = (
					"$(inherited)",
					"@executable_path/Frameworks",
				);
				PRODUCT_BUNDLE_IDENTIFIER = com.dicoding.academy.Triangle;
				PRODUCT_NAME = "$(TARGET_NAME)";
				SWIFT_VERSION = 5.0;
				TARGETED_DEVICE_FAMILY = "1,2";
			};
			name = Debug;
		};
		472CF899282D59FE00AD4593 /* Release */ = {
			isa = XCBuildConfiguration;
			buildSettings = {
				ASSETCATALOG_COMPILER_APPICON_NAME = AppIcon;
				ASSETCATALOG_COMPILER_GLOBAL_ACCENT_COLOR_NAME = AccentColor;
				CODE_SIGN_STYLE = Automatic;
				INFOPLIST_FILE = Triangle/Info.plist;
				LD_RUNPATH_SEARCH_PATHS = (
					"$(inherited)",
					"@executable_path/Frameworks",
				);
				PRODUCT_BUNDLE_IDENTIFIER = com.dicoding.academy.Triangle;
				PRODUCT_NAME = "$(TARGET_NAME)";
				SWIFT_VERSION = 5.0;
				TARGETED_DEVICE_FAMILY = "1,2";
			};
			name = Release;
		};
		472CF89B282D59FE00AD4593 /* Debug */ = {
			isa = XCBuildConfiguration;
			buildSettings = {
				ALWAYS_EMBED_SWIFT_STANDARD_LIBRARIES = YES;
				BUNDLE_LOADER = "$(TEST_HOST)";
				CODE_SIGN_STYLE = Automatic;
				INFOPLIST_FILE = TriangleTests/Info.plist;
				IPHONEOS_DEPLOYMENT_TARGET = 14.5;
				LD_RUNPATH_SEARCH_PATHS = (
					"$(inherited)",
					"@executable_path/Frameworks",
					"@loader_path/Frameworks",
				);
				PRODUCT_BUNDLE_IDENTIFIER = com.dicoding.academy.TriangleTests;
				PRODUCT_NAME = "$(TARGET_NAME)";
				SWIFT_VERSION = 5.0;
				TARGETED_DEVICE_FAMILY = "1,2";
				TEST_HOST = "$(BUILT_PRODUCTS_DIR)/Triangle.app/Triangle";
			};
			name = Debug;
		};
		472CF89C282D59FE00AD4593 /* Release */ = {
			isa = XCBuildConfiguration;
			buildSettings = {
				ALWAYS_EMBED_SWIFT_STANDARD_LIBRARIES = YES;
				BUNDLE_LOADER = "$(TEST_HOST)";
				CODE_SIGN_STYLE = Automatic;
				INFOPLIST_FILE = TriangleTests/Info.plist;
				IPHONEOS_DEPLOYMENT_TARGET = 14.5;
				LD_RUNPATH_SEARCH_PATHS = (
					"$(inherited)",
					"@executable_path/Frameworks",
					"@loader_path/Frameworks",
				);
				PRODUCT_BUNDLE_IDENTIFIER = com.dicoding.academy.TriangleTests;
				PRODUCT_NAME = "$(TARGET_NAME)";
				SWIFT_VERSION = 5.0;
				TARGETED_DEVICE_FAMILY = "1,2";
				TEST_HOST = "$(BUILT_PRODUCTS_DIR)/Triangle.app/Triangle";
			};
			name = Release;
		};
		472CF89E282D59FE00AD4593 /* Debug */ = {
			isa = XCBuildConfiguration;
			buildSettings = {
				ALWAYS_EMBED_SWIFT_STANDARD_LIBRARIES = YES;
				CODE_SIGN_STYLE = Automatic;
				INFOPLIST_FILE = TriangleUITests/Info.plist;
				LD_RUNPATH_SEARCH_PATHS = (
					"$(inherited)",
					"@executable_path/Frameworks",
					"@loader_path/Frameworks",
				);
				PRODUCT_BUNDLE_IDENTIFIER = com.dicoding.academy.TriangleUITests;
				PRODUCT_NAME = "$(TARGET_NAME)";
				SWIFT_VERSION = 5.0;
				TARGETED_DEVICE_FAMILY = "1,2";
				TEST_TARGET_NAME = Triangle;
			};
			name = Debug;
		};
		472CF89F282D59FE00AD4593 /* Release */ = {
			isa = XCBuildConfiguration;
			buildSettings = {
				ALWAYS_EMBED_SWIFT_STANDARD_LIBRARIES = YES;
				CODE_SIGN_STYLE = Automatic;
				INFOPLIST_FILE = TriangleUITests/Info.plist;
				LD_RUNPATH_SEARCH_PATHS = (
					"$(inherited)",
					"@executable_path/Frameworks",
					"@loader_path/Frameworks",
				);
				PRODUCT_BUNDLE_IDENTIFIER = com.dicoding.academy.TriangleUITests;
				PRODUCT_NAME = "$(TARGET_NAME)";
				SWIFT_VERSION = 5.0;
				TARGETED_DEVICE_FAMILY = "1,2";
				TEST_TARGET_NAME = Triangle;
			};
			name = Release;
		};
/* End XCBuildConfiguration section */

/* Begin XCConfigurationList section */
		472CF868282D59FB00AD4593 /* Build configuration list for PBXProject "Triangle" */ = {
			isa = XCConfigurationList;
			buildConfigurations = (
				472CF895282D59FE00AD4593 /* Debug */,
				472CF896282D59FE00AD4593 /* Release */,
			);
			defaultConfigurationIsVisible = 0;
			defaultConfigurationName = Release;
		};
		472CF897282D59FE00AD4593 /* Build configuration list for PBXNativeTarget "Triangle" */ = {
			isa = XCConfigurationList;
			buildConfigurations = (
				472CF898282D59FE00AD4593 /* Debug */,
				472CF899282D59FE00AD4593 /* Release */,
			);
			defaultConfigurationIsVisible = 0;
			defaultConfigurationName = Release;
		};
		472CF89A282D59FE00AD4593 /* Build configuration list for PBXNativeTarget "TriangleTests" */ = {
			isa = XCConfigurationList;
			buildConfigurations = (
				472CF89B282D59FE00AD4593 /* Debug */,
				472CF89C282D59FE00AD4593 /* Release */,
			);
			defaultConfigurationIsVisible = 0;
			defaultConfigurationName = Release;
		};
		472CF89D282D59FE00AD4593 /* Build configuration list for PBXNativeTarget "TriangleUITests" */ = {
			isa = XCConfigurationList;
			buildConfigurations = (
				472CF89E282D59FE00AD4593 /* Debug */,
				472CF89F282D59FE00AD4593 /* Release */,
			);
			defaultConfigurationIsVisible = 0;
			defaultConfigurationName = Release;
		};
/* End XCConfigurationList section */
	};
	rootObject = 472CF865282D59FB00AD4593 /* Project object */;
}
